
Microsoft Visual Studio Solution File, Format Version 12.00
# Visual Studio Version 17
VisualStudioVersion = 17.9.34728.123
MinimumVisualStudioVersion = 10.0.40219.1
Project("{FAE04EC0-301F-11D3-BF4B-00C04F79EFBC}") = "Guitar Synth", "Guitar Synth.csproj", "{44E7014F-963D-4D4E-8A04-33D4EE1EC23A}"
EndProject
Global
	GlobalSection(SolutionConfigurationPlatforms) = preSolution
		Debug|Any CPU = Debug|Any CPU
		Release|Any CPU = Release|Any CPU
	EndGlobalSection
	GlobalSection(ProjectConfigurationPlatforms) = postSolution
		{44E7014F-963D-4D4E-8A04-33D4EE1EC23A}.Debug|Any CPU.ActiveCfg = Debug|Any CPU
		{44E7014F-963D-4D4E-8A04-33D4EE1EC23A}.Debug|Any CPU.Build.0 = Debug|Any CPU
		{44E7014F-963D-4D4E-8A04-33D4EE1EC23A}.Release|Any CPU.ActiveCfg = Release|Any CPU
		{44E7014F-963D-4D4E-8A04-33D4EE1EC23A}.Release|Any CPU.Build.0 = Release|Any CPU
	EndGlobalSection
	GlobalSection(SolutionProperties) = preSolution
		HideSolutionNode = FALSE
	EndGlobalSection
	GlobalSection(ExtensibilityGlobals) = postSolution
		SolutionGuid = {AB2B3AD5-C7F7-476E-AF68-5DBC8F3FF54D}
	EndGlobalSection
EndGlobal
